// !$*UTF8*$!
{
	archiveVersion = 1;
	classes = {
	};
	objectVersion = 46;
	objects = {

/* Begin PBXBuildFile section */
		2FAF37441A3786AE00132808 /* DisableSearchSharing.m in Sources */ = {isa = PBXBuildFile; fileRef = 2FAF37431A3786AE00132808 /* DisableSearchSharing.m */; };
/* End PBXBuildFile section */

/* Begin PBXFileReference section */
		2FAF37391A37869200132808 /* DisableSearchSharing.bundle */ = {isa = PBXFileReference; explicitFileType = wrapper.cfbundle; includeInIndex = 0; path = DisableSearchSharing.bundle; sourceTree = BUILT_PRODUCTS_DIR; };
		2FAF373D1A37869200132808 /* Info.plist */ = {isa = PBXFileReference; lastKnownFileType = text.plist.xml; path = Info.plist; sourceTree = "<group>"; };
		2FAF37431A3786AE00132808 /* DisableSearchSharing.m */ = {isa = PBXFileReference; fileEncoding = 4; lastKnownFileType = sourcecode.c.objc; path = DisableSearchSharing.m; sourceTree = "<group>"; };
/* End PBXFileReference section */

/* Begin PBXFrameworksBuildPhase section */
		2FAF37361A37869200132808 /* Frameworks */ = {
			isa = PBXFrameworksBuildPhase;
			buildActionMask = 2147483647;
			files = (
			);
			runOnlyForDeploymentPostprocessing = 0;
		};
/* End PBXFrameworksBuildPhase section */

/* Begin PBXGroup section */
		2FAF37301A37869200132808 = {
			isa = PBXGroup;
			children = (
				2FAF37431A3786AE00132808 /* DisableSearchSharing.m */,
				2FAF373B1A37869200132808 /* DisableSearchSharing */,
				2FAF373A1A37869200132808 /* Products */,
			);
			sourceTree = "<group>";
		};
		2FAF373A1A37869200132808 /* Products */ = {
			isa = PBXGroup;
			children = (
				2FAF37391A37869200132808 /* DisableSearchSharing.bundle */,
			);
			name = Products;
			sourceTree = "<group>";
		};
		2FAF373B1A37869200132808 /* DisableSearchSharing */ = {
			isa = PBXGroup;
			children = (
				2FAF373C1A37869200132808 /* Supporting Files */,
			);
			path = DisableSearchSharing;
			sourceTree = "<group>";
		};
		2FAF373C1A37869200132808 /* Supporting Files */ = {
			isa = PBXGroup;
			children = (
				2FAF373D1A37869200132808 /* Info.plist */,
			);
			name = "Supporting Files";
			sourceTree = "<group>";
		};
/* End PBXGroup section */

/* Begin PBXNativeTarget section */
		2FAF37381A37869200132808 /* DisableSearchSharing */ = {
			isa = PBXNativeTarget;
			buildConfigurationList = 2FAF37401A37869200132808 /* Build configuration list for PBXNativeTarget "DisableSearchSharing" */;
			buildPhases = (
				2FAF37351A37869200132808 /* Sources */,
				2FAF37361A37869200132808 /* Frameworks */,
				2FAF37371A37869200132808 /* Resources */,
			);
			buildRules = (
			);
			dependencies = (
			);
			name = DisableSearchSharing;
			productName = DisableSearchSharing;
			productReference = 2FAF37391A37869200132808 /* DisableSearchSharing.bundle */;
			productType = "com.apple.product-type.bundle";
		};
/* End PBXNativeTarget section */

/* Begin PBXProject section */
		2FAF37311A37869200132808 /* Project object */ = {
			isa = PBXProject;
			attributes = {
				LastUpgradeCheck = 0610;
				ORGANIZATIONNAME = mpak;
				TargetAttributes = {
					2FAF37381A37869200132808 = {
						CreatedOnToolsVersion = 6.1;
					};
				};
			};
			buildConfigurationList = 2FAF37341A37869200132808 /* Build configuration list for PBXProject "DisableSearchSharing" */;
			compatibilityVersion = "Xcode 3.2";
			developmentRegion = English;
			hasScannedForEncodings = 0;
			knownRegions = (
				en,
			);
			mainGroup = 2FAF37301A37869200132808;
			productRefGroup = 2FAF373A1A37869200132808 /* Products */;
			projectDirPath = "";
			projectRoot = "";
			targets = (
				2FAF37381A37869200132808 /* DisableSearchSharing */,
			);
		};
/* End PBXProject section */

/* Begin PBXResourcesBuildPhase section */
		2FAF37371A37869200132808 /* Resources */ = {
			isa = PBXResourcesBuildPhase;
			buildActionMask = 2147483647;
			files = (
			);
			runOnlyForDeploymentPostprocessing = 0;
		};
/* End PBXResourcesBuildPhase section */

/* Begin PBXSourcesBuildPhase section */
		2FAF37351A37869200132808 /* Sources */ = {
			isa = PBXSourcesBuildPhase;
			buildActionMask = 2147483647;
			files = (
				2FAF37441A3786AE00132808 /* DisableSearchSharing.m in Sources */,
			);
			runOnlyForDeploymentPostprocessing = 0;
		};
/* End PBXSourcesBuildPhase section */

/* Begin XCBuildConfiguration section */
		2FAF373E1A37869200132808 /* Debug */ = {
			isa = XCBuildConfiguration;
			buildSettings = {
				ALWAYS_SEARCH_USER_PATHS = NO;
				ARCHS = "$(ARCHS_STANDARD_32_64_BIT)";
				CLANG_CXX_LANGUAGE_STANDARD = "gnu++0x";
				CLANG_CXX_LIBRARY = "libc++";
				CLANG_ENABLE_MODULES = YES;
				CLANG_ENABLE_OBJC_ARC = NO;
				CLANG_WARN_BOOL_CONVERSION = YES;
				CLANG_WARN_CONSTANT_CONVERSION = YES;
				CLANG_WARN_DIRECT_OBJC_ISA_USAGE = YES_ERROR;
				CLANG_WARN_EMPTY_BODY = YES;
				CLANG_WARN_ENUM_CONVERSION = YES;
				CLANG_WARN_INT_CONVERSION = YES;
				CLANG_WARN_OBJC_ROOT_CLASS = YES_ERROR;
				CLANG_WARN_UNREACHABLE_CODE = YES;
				CLANG_WARN__DUPLICATE_METHOD_MATCH = YES;
				COPY_PHASE_STRIP = NO;
				ENABLE_STRICT_OBJC_MSGSEND = NO;
				GCC_C_LANGUAGE_STANDARD = gnu99;
				GCC_DYNAMIC_NO_PIC = NO;
				GCC_OPTIMIZATION_LEVEL = 0;
				GCC_PREPROCESSOR_DEFINITIONS = (
					"DEBUG=1",
					"$(inherited)",
				);
				GCC_SYMBOLS_PRIVATE_EXTERN = NO;
				GCC_WARN_64_TO_32_BIT_CONVERSION = YES;
				GCC_WARN_ABOUT_RETURN_TYPE = YES_ERROR;
				GCC_WARN_UNDECLARED_SELECTOR = YES;
				GCC_WARN_UNINITIALIZED_AUTOS = YES_AGGRESSIVE;
				GCC_WARN_UNUSED_FUNCTION = YES;
				GCC_WARN_UNUSED_VARIABLE = YES;
				MACOSX_DEPLOYMENT_TARGET = 10.9;
				MTL_ENABLE_DEBUG_INFO = YES;
				ONLY_ACTIVE_ARCH = YES;
				SDKROOT = macosx;
				WARNING_CFLAGS = "-Wno-objc-method-access";
			};
			name = Debug;
		};
		2FAF373F1A37869200132808 /* Release */ = {
			isa = XCBuildConfiguration;
			buildSettings = {
				ALWAYS_SEARCH_USER_PATHS = NO;
				ARCHS = "$(ARCHS_STANDARD_32_64_BIT)";
				CLANG_CXX_LANGUAGE_STANDARD = "gnu++0x";
				CLANG_CXX_LIBRARY = "libc++";
				CLANG_ENABLE_MODULES = YES;
				CLANG_ENABLE_OBJC_ARC = NO;
				CLANG_WARN_BOOL_CONVERSION = YES;
				CLANG_WARN_CONSTANT_CONVERSION = YES;
				CLANG_WARN_DIRECT_OBJC_ISA_USAGE = YES_ERROR;
				CLANG_WARN_EMPTY_BODY = YES;
				CLANG_WARN_ENUM_CONVERSION = YES;
				CLANG_WARN_INT_CONVERSION = YES;
				CLANG_WARN_OBJC_ROOT_CLASS = YES_ERROR;
				CLANG_WARN_UNREACHABLE_CODE = YES;
				CLANG_WARN__DUPLICATE_METHOD_MATCH = YES;
				COPY_PHASE_STRIP = YES;
				DEBUG_INFORMATION_FORMAT = "dwarf-with-dsym";
				ENABLE_NS_ASSERTIONS = NO;
				ENABLE_STRICT_OBJC_MSGSEND = NO;
				GCC_C_LANGUAGE_STANDARD = gnu99;
				GCC_WARN_64_TO_32_BIT_CONVERSION = YES;
				GCC_WARN_ABOUT_RETURN_TYPE = YES_ERROR;
				GCC_WARN_UNDECLARED_SELECTOR = YES;
				GCC_WARN_UNINITIALIZED_AUTOS = YES_AGGRESSIVE;
				GCC_WARN_UNUSED_FUNCTION = YES;
				GCC_WARN_UNUSED_VARIABLE = YES;
				MACOSX_DEPLOYMENT_TARGET = 10.9;
				MTL_ENABLE_DEBUG_INFO = NO;
				SDKROOT = macosx;
				WARNING_CFLAGS = "-Wno-objc-method-access";
			};
			name = Release;
		};
		2FAF37411A37869200132808 /* Debug */ = {
			isa = XCBuildConfiguration;
			buildSettings = {
				COMBINE_HIDPI_IMAGES = YES;
				INFOPLIST_FILE = DisableSearchSharing/Info.plist;
				INSTALL_PATH = "$(LOCAL_LIBRARY_DIR)/Bundles";
				PRODUCT_NAME = "$(TARGET_NAME)";
				SKIP_INSTALL = YES;
				WRAPPER_EXTENSION = bundle;
			};
			name = Debug;
		};
		2FAF37421A37869200132808 /* Release */ = {
			isa = XCBuildConfiguration;
			buildSettings = {
				COMBINE_HIDPI_IMAGES = YES;
				INFOPLIST_FILE = DisableSearchSharing/Info.plist;
				INSTALL_PATH = "$(LOCAL_LIBRARY_DIR)/Bundles";
				PRODUCT_NAME = "$(TARGET_NAME)";
				SKIP_INSTALL = YES;
				WRAPPER_EXTENSION = bundle;
			};
			name = Release;
		};
/* End XCBuildConfiguration section */

/* Begin XCConfigurationList section */
		2FAF37341A37869200132808 /* Build configuration list for PBXProject "DisableSearchSharing" */ = {
			isa = XCConfigurationList;
			buildConfigurations = (
				2FAF373E1A37869200132808 /* Debug */,
				2FAF373F1A37869200132808 /* Release */,
			);
			defaultConfigurationIsVisible = 0;
			defaultConfigurationName = Release;
		};
		2FAF37401A37869200132808 /* Build configuration list for PBXNativeTarget "DisableSearchSharing" */ = {
			isa = XCConfigurationList;
			buildConfigurations = (
				2FAF37411A37869200132808 /* Debug */,
				2FAF37421A37869200132808 /* Release */,
			);
			defaultConfigurationIsVisible = 0;
			defaultConfigurationName = Release;
		};
/* End XCConfigurationList section */
	};
	rootObject = 2FAF37311A37869200132808 /* Project object */;
}
